
Microsoft Visual Studio Solution File, Format Version 12.00
# Visual Studio 15
VisualStudioVersion = 15.0.27130.2036
MinimumVisualStudioVersion = 10.0.40219.1
Project("{2150E333-8FDC-42A3-9474-1A3956D46DE8}") = "Library", "Library", "{FE37A67B-19B2-4C91-BEAC-D04CE9E1AA21}"
EndProject
Project("{FAE04EC0-301F-11D3-BF4B-00C04F79EFBC}") = "MessageBrokerInterfaces", "MessageBrokerInterfaces\MessageBrokerInterfaces.csproj", "{33F8180C-A583-4A61-A3C9-40637F99D65D}"
EndProject
Project("{FAE04EC0-301F-11D3-BF4B-00C04F79EFBC}") = "KafkaMessageBroker", "KafkaMessageBroker\KafkaMessageBroker.csproj", "{FA133D32-C34B-4656-9437-A8205550F3F1}"
EndProject
Project("{2150E333-8FDC-42A3-9474-1A3956D46DE8}") = "Application", "Application", "{8EC67149-E7AA-42DA-86FA-917B678FB564}"
EndProject
Project("{2150E333-8FDC-42A3-9474-1A3956D46DE8}") = "Ping", "Ping", "{7CAF00C2-4E7D-4484-BA68-7585C09CAF58}"
EndProject
Project("{FAE04EC0-301F-11D3-BF4B-00C04F79EFBC}") = "Ping", "Ping\Ping.csproj", "{CFDF0E0C-8299-4295-8BE4-5D4F551328A9}"
EndProject
Project("{2150E333-8FDC-42A3-9474-1A3956D46DE8}") = "Pong", "Pong", "{EBBA493E-A992-4729-981D-AEE9F0278766}"
EndProject
Project("{FAE04EC0-301F-11D3-BF4B-00C04F79EFBC}") = "Pong", "Pong\Pong.csproj", "{0C9BE193-0ABE-462A-A55C-88E54108628B}"
EndProject
Project("{FAE04EC0-301F-11D3-BF4B-00C04F79EFBC}") = "MessageBrokerFabric", "MessageBrokerFabric\MessageBrokerFabric.csproj", "{ECD5BA17-EEF5-44BF-B821-28C944783A94}"
EndProject
Project("{FAE04EC0-301F-11D3-BF4B-00C04F79EFBC}") = "PongDomain", "PongDomain\PongDomain.csproj", "{0ED1C789-7B66-490D-B023-32818B11E193}"
EndProject
Project("{FAE04EC0-301F-11D3-BF4B-00C04F79EFBC}") = "PingPongSharedDomain", "PingPongSharedDomain\PingPongSharedDomain.csproj", "{BBB89394-9C0D-4A00-BEF1-BC1491B8CFD0}"
EndProject
Project("{FAE04EC0-301F-11D3-BF4B-00C04F79EFBC}") = "AolhLibSerialization", "AolhLibSerialization\AolhLibSerialization.csproj", "{938771DA-144F-43C3-8969-E0F481B03691}"
EndProject
Project("{2150E333-8FDC-42A3-9474-1A3956D46DE8}") = "MessageBroker", "MessageBroker", "{6B46254B-FBEE-427D-A0B9-B4235B553CA2}"
EndProject
Project("{2150E333-8FDC-42A3-9474-1A3956D46DE8}") = "Domain", "Domain", "{A7A8C020-587D-4552-A927-7EB86AFC8D61}"
EndProject
Project("{2150E333-8FDC-42A3-9474-1A3956D46DE8}") = "Utils", "Utils", "{8E8EE466-DAEE-473A-8CCA-285CAA1590A6}"
EndProject
Project("{FAE04EC0-301F-11D3-BF4B-00C04F79EFBC}") = "PingDomain", "PingDomain\PingDomain.csproj", "{618EBE4C-1007-40C0-9C5B-02EAEA91C80D}"
EndProject
Project("{2150E333-8FDC-42A3-9474-1A3956D46DE8}") = "BackPressure", "BackPressure", "{DB2B249B-D2CD-4323-BEB1-AA0BC88AB100}"
EndProject
Project("{FAE04EC0-301F-11D3-BF4B-00C04F79EFBC}") = "AolhLibBackPressure", "AolhLibBackPressure\AolhLibBackPressure.csproj", "{8D69CE87-F019-4B99-8AA3-B8F78781FE13}"
EndProject
Global
	GlobalSection(SolutionConfigurationPlatforms) = preSolution
		Debug|Any CPU = Debug|Any CPU
		Release|Any CPU = Release|Any CPU
	EndGlobalSection
	GlobalSection(ProjectConfigurationPlatforms) = postSolution
		{33F8180C-A583-4A61-A3C9-40637F99D65D}.Debug|Any CPU.ActiveCfg = Debug|Any CPU
		{33F8180C-A583-4A61-A3C9-40637F99D65D}.Debug|Any CPU.Build.0 = Debug|Any CPU
		{33F8180C-A583-4A61-A3C9-40637F99D65D}.Release|Any CPU.ActiveCfg = Release|Any CPU
		{33F8180C-A583-4A61-A3C9-40637F99D65D}.Release|Any CPU.Build.0 = Release|Any CPU
		{FA133D32-C34B-4656-9437-A8205550F3F1}.Debug|Any CPU.ActiveCfg = Debug|Any CPU
		{FA133D32-C34B-4656-9437-A8205550F3F1}.Debug|Any CPU.Build.0 = Debug|Any CPU
		{FA133D32-C34B-4656-9437-A8205550F3F1}.Release|Any CPU.ActiveCfg = Release|Any CPU
		{FA133D32-C34B-4656-9437-A8205550F3F1}.Release|Any CPU.Build.0 = Release|Any CPU
		{CFDF0E0C-8299-4295-8BE4-5D4F551328A9}.Debug|Any CPU.ActiveCfg = Debug|Any CPU
		{CFDF0E0C-8299-4295-8BE4-5D4F551328A9}.Debug|Any CPU.Build.0 = Debug|Any CPU
		{CFDF0E0C-8299-4295-8BE4-5D4F551328A9}.Release|Any CPU.ActiveCfg = Release|Any CPU
		{CFDF0E0C-8299-4295-8BE4-5D4F551328A9}.Release|Any CPU.Build.0 = Release|Any CPU
		{0C9BE193-0ABE-462A-A55C-88E54108628B}.Debug|Any CPU.ActiveCfg = Debug|Any CPU
		{0C9BE193-0ABE-462A-A55C-88E54108628B}.Debug|Any CPU.Build.0 = Debug|Any CPU
		{0C9BE193-0ABE-462A-A55C-88E54108628B}.Release|Any CPU.ActiveCfg = Release|Any CPU
		{0C9BE193-0ABE-462A-A55C-88E54108628B}.Release|Any CPU.Build.0 = Release|Any CPU
		{ECD5BA17-EEF5-44BF-B821-28C944783A94}.Debug|Any CPU.ActiveCfg = Debug|Any CPU
		{ECD5BA17-EEF5-44BF-B821-28C944783A94}.Debug|Any CPU.Build.0 = Debug|Any CPU
		{ECD5BA17-EEF5-44BF-B821-28C944783A94}.Release|Any CPU.ActiveCfg = Release|Any CPU
		{ECD5BA17-EEF5-44BF-B821-28C944783A94}.Release|Any CPU.Build.0 = Release|Any CPU
		{0ED1C789-7B66-490D-B023-32818B11E193}.Debug|Any CPU.ActiveCfg = Debug|Any CPU
		{0ED1C789-7B66-490D-B023-32818B11E193}.Debug|Any CPU.Build.0 = Debug|Any CPU
		{0ED1C789-7B66-490D-B023-32818B11E193}.Release|Any CPU.ActiveCfg = Release|Any CPU
		{0ED1C789-7B66-490D-B023-32818B11E193}.Release|Any CPU.Build.0 = Release|Any CPU
		{BBB89394-9C0D-4A00-BEF1-BC1491B8CFD0}.Debug|Any CPU.ActiveCfg = Debug|Any CPU
		{BBB89394-9C0D-4A00-BEF1-BC1491B8CFD0}.Debug|Any CPU.Build.0 = Debug|Any CPU
		{BBB89394-9C0D-4A00-BEF1-BC1491B8CFD0}.Release|Any CPU.ActiveCfg = Release|Any CPU
		{BBB89394-9C0D-4A00-BEF1-BC1491B8CFD0}.Release|Any CPU.Build.0 = Release|Any CPU
		{938771DA-144F-43C3-8969-E0F481B03691}.Debug|Any CPU.ActiveCfg = Debug|Any CPU
		{938771DA-144F-43C3-8969-E0F481B03691}.Debug|Any CPU.Build.0 = Debug|Any CPU
		{938771DA-144F-43C3-8969-E0F481B03691}.Release|Any CPU.ActiveCfg = Release|Any CPU
		{938771DA-144F-43C3-8969-E0F481B03691}.Release|Any CPU.Build.0 = Release|Any CPU
		{618EBE4C-1007-40C0-9C5B-02EAEA91C80D}.Debug|Any CPU.ActiveCfg = Debug|Any CPU
		{618EBE4C-1007-40C0-9C5B-02EAEA91C80D}.Debug|Any CPU.Build.0 = Debug|Any CPU
		{618EBE4C-1007-40C0-9C5B-02EAEA91C80D}.Release|Any CPU.ActiveCfg = Release|Any CPU
		{618EBE4C-1007-40C0-9C5B-02EAEA91C80D}.Release|Any CPU.Build.0 = Release|Any CPU
		{8D69CE87-F019-4B99-8AA3-B8F78781FE13}.Debug|Any CPU.ActiveCfg = Debug|Any CPU
		{8D69CE87-F019-4B99-8AA3-B8F78781FE13}.Debug|Any CPU.Build.0 = Debug|Any CPU
		{8D69CE87-F019-4B99-8AA3-B8F78781FE13}.Release|Any CPU.ActiveCfg = Release|Any CPU
		{8D69CE87-F019-4B99-8AA3-B8F78781FE13}.Release|Any CPU.Build.0 = Release|Any CPU
	EndGlobalSection
	GlobalSection(SolutionProperties) = preSolution
		HideSolutionNode = FALSE
	EndGlobalSection
	GlobalSection(NestedProjects) = preSolution
		{33F8180C-A583-4A61-A3C9-40637F99D65D} = {6B46254B-FBEE-427D-A0B9-B4235B553CA2}
		{FA133D32-C34B-4656-9437-A8205550F3F1} = {6B46254B-FBEE-427D-A0B9-B4235B553CA2}
		{7CAF00C2-4E7D-4484-BA68-7585C09CAF58} = {8EC67149-E7AA-42DA-86FA-917B678FB564}
		{CFDF0E0C-8299-4295-8BE4-5D4F551328A9} = {7CAF00C2-4E7D-4484-BA68-7585C09CAF58}
		{EBBA493E-A992-4729-981D-AEE9F0278766} = {8EC67149-E7AA-42DA-86FA-917B678FB564}
		{0C9BE193-0ABE-462A-A55C-88E54108628B} = {EBBA493E-A992-4729-981D-AEE9F0278766}
		{ECD5BA17-EEF5-44BF-B821-28C944783A94} = {6B46254B-FBEE-427D-A0B9-B4235B553CA2}
		{0ED1C789-7B66-490D-B023-32818B11E193} = {A7A8C020-587D-4552-A927-7EB86AFC8D61}
		{BBB89394-9C0D-4A00-BEF1-BC1491B8CFD0} = {A7A8C020-587D-4552-A927-7EB86AFC8D61}
		{938771DA-144F-43C3-8969-E0F481B03691} = {8E8EE466-DAEE-473A-8CCA-285CAA1590A6}
		{6B46254B-FBEE-427D-A0B9-B4235B553CA2} = {FE37A67B-19B2-4C91-BEAC-D04CE9E1AA21}
		{A7A8C020-587D-4552-A927-7EB86AFC8D61} = {FE37A67B-19B2-4C91-BEAC-D04CE9E1AA21}
		{8E8EE466-DAEE-473A-8CCA-285CAA1590A6} = {FE37A67B-19B2-4C91-BEAC-D04CE9E1AA21}
		{618EBE4C-1007-40C0-9C5B-02EAEA91C80D} = {A7A8C020-587D-4552-A927-7EB86AFC8D61}
		{DB2B249B-D2CD-4323-BEB1-AA0BC88AB100} = {FE37A67B-19B2-4C91-BEAC-D04CE9E1AA21}
		{8D69CE87-F019-4B99-8AA3-B8F78781FE13} = {DB2B249B-D2CD-4323-BEB1-AA0BC88AB100}
	EndGlobalSection
	GlobalSection(ExtensibilityGlobals) = postSolution
		SolutionGuid = {02D6B7DA-E045-42CD-A76B-1EE8989241E3}
	EndGlobalSection
EndGlobal
